# THIS IS AN AUTOGENERATED FILE. DO NOT EDIT THIS FILE DIRECTLY.
# yarn lockfile v1


three@^0.174.0:
  version "0.174.0"
  resolved "https://registry.yarnpkg.com/three/-/three-0.174.0.tgz#53f46d6fd27515231b2af321f798f1e0ecf3f905"
  integrity sha512-p+WG3W6Ov74alh3geCMkGK9NWuT62ee21cV3jEnun201zodVF4tCE5aZa2U122/mkLRmhJJUQmLLW1BH00uQJQ==
